
Microsoft Visual Studio Solution File, Format Version 12.00
# Visual Studio 14
VisualStudioVersion = 14.0.25420.1
MinimumVisualStudioVersion = 10.0.40219.1
Project("{2150E333-8FDC-42A3-9474-1A3956D46DE8}") = "Solution Items", "Solution Items", "{81222BFE-F4BD-48C1-B666-717FD8D09B7B}"
EndProject
Project("{8BB2217D-0F2D-49D1-97BC-3654ED321F3B}") = "ZDO.CHSite", "ZDO.CHSite\ZDO.CHSite.xproj", "{8308EB26-549B-453E-94CC-A62590A52434}"
EndProject
Project("{8BB2217D-0F2D-49D1-97BC-3654ED321F3B}") = "ZD.Common", "ZD.Common\ZD.Common.xproj", "{EA3393E6-AD17-4D83-A4B6-C6392E12773F}"
EndProject
Project("{8BB2217D-0F2D-49D1-97BC-3654ED321F3B}") = "ZD.LangUtils", "ZD.LangUtils\ZD.LangUtils.xproj", "{2F98C320-49DF-4D47-AEE6-9A0A01DA185A}"
EndProject
Project("{8BB2217D-0F2D-49D1-97BC-3654ED321F3B}") = "ZD.Tool", "ZD.Tool\ZD.Tool.xproj", "{CEDF5A76-EC9F-4C9D-825B-601D770A625C}"
EndProject
Project("{8BB2217D-0F2D-49D1-97BC-3654ED321F3B}") = "ZDO.Console", "ZDO.Console\ZDO.Console.xproj", "{A03E21D1-B97D-4776-9E89-D86C317CE0F5}"
EndProject
Project("{8BB2217D-0F2D-49D1-97BC-3654ED321F3B}") = "Countries", "Countries\Countries.xproj", "{349411D8-ACA8-4AA0-BB25-D2630E351C8A}"
EndProject
Project("{8BB2217D-0F2D-49D1-97BC-3654ED321F3B}") = "ZDO.ConcAlign", "ZDO.ConcAlign\ZDO.ConcAlign.xproj", "{F9A3A6D7-6A37-4FF5-B858-BA08C5E5EA2E}"
EndProject
Project("{8BB2217D-0F2D-49D1-97BC-3654ED321F3B}") = "ZD.AlignTool", "ZD.AlignTool\ZD.AlignTool.xproj", "{54C5D7B9-F4EB-4739-B272-7800C27E2F76}"
EndProject
Global
	GlobalSection(SolutionConfigurationPlatforms) = preSolution
		Debug|Any CPU = Debug|Any CPU
		Release|Any CPU = Release|Any CPU
	EndGlobalSection
	GlobalSection(ProjectConfigurationPlatforms) = postSolution
		{8308EB26-549B-453E-94CC-A62590A52434}.Debug|Any CPU.ActiveCfg = Debug|Any CPU
		{8308EB26-549B-453E-94CC-A62590A52434}.Debug|Any CPU.Build.0 = Debug|Any CPU
		{8308EB26-549B-453E-94CC-A62590A52434}.Release|Any CPU.ActiveCfg = Release|Any CPU
		{8308EB26-549B-453E-94CC-A62590A52434}.Release|Any CPU.Build.0 = Release|Any CPU
		{EA3393E6-AD17-4D83-A4B6-C6392E12773F}.Debug|Any CPU.ActiveCfg = Debug|Any CPU
		{EA3393E6-AD17-4D83-A4B6-C6392E12773F}.Debug|Any CPU.Build.0 = Debug|Any CPU
		{EA3393E6-AD17-4D83-A4B6-C6392E12773F}.Release|Any CPU.ActiveCfg = Release|Any CPU
		{EA3393E6-AD17-4D83-A4B6-C6392E12773F}.Release|Any CPU.Build.0 = Release|Any CPU
		{2F98C320-49DF-4D47-AEE6-9A0A01DA185A}.Debug|Any CPU.ActiveCfg = Debug|Any CPU
		{2F98C320-49DF-4D47-AEE6-9A0A01DA185A}.Debug|Any CPU.Build.0 = Debug|Any CPU
		{2F98C320-49DF-4D47-AEE6-9A0A01DA185A}.Release|Any CPU.ActiveCfg = Release|Any CPU
		{2F98C320-49DF-4D47-AEE6-9A0A01DA185A}.Release|Any CPU.Build.0 = Release|Any CPU
		{CEDF5A76-EC9F-4C9D-825B-601D770A625C}.Debug|Any CPU.ActiveCfg = Debug|Any CPU
		{CEDF5A76-EC9F-4C9D-825B-601D770A625C}.Debug|Any CPU.Build.0 = Debug|Any CPU
		{CEDF5A76-EC9F-4C9D-825B-601D770A625C}.Release|Any CPU.ActiveCfg = Release|Any CPU
		{CEDF5A76-EC9F-4C9D-825B-601D770A625C}.Release|Any CPU.Build.0 = Release|Any CPU
		{A03E21D1-B97D-4776-9E89-D86C317CE0F5}.Debug|Any CPU.ActiveCfg = Debug|Any CPU
		{A03E21D1-B97D-4776-9E89-D86C317CE0F5}.Debug|Any CPU.Build.0 = Debug|Any CPU
		{A03E21D1-B97D-4776-9E89-D86C317CE0F5}.Release|Any CPU.ActiveCfg = Release|Any CPU
		{A03E21D1-B97D-4776-9E89-D86C317CE0F5}.Release|Any CPU.Build.0 = Release|Any CPU
		{349411D8-ACA8-4AA0-BB25-D2630E351C8A}.Debug|Any CPU.ActiveCfg = Debug|Any CPU
		{349411D8-ACA8-4AA0-BB25-D2630E351C8A}.Debug|Any CPU.Build.0 = Debug|Any CPU
		{349411D8-ACA8-4AA0-BB25-D2630E351C8A}.Release|Any CPU.ActiveCfg = Release|Any CPU
		{349411D8-ACA8-4AA0-BB25-D2630E351C8A}.Release|Any CPU.Build.0 = Release|Any CPU
		{F9A3A6D7-6A37-4FF5-B858-BA08C5E5EA2E}.Debug|Any CPU.ActiveCfg = Debug|Any CPU
		{F9A3A6D7-6A37-4FF5-B858-BA08C5E5EA2E}.Debug|Any CPU.Build.0 = Debug|Any CPU
		{F9A3A6D7-6A37-4FF5-B858-BA08C5E5EA2E}.Release|Any CPU.ActiveCfg = Release|Any CPU
		{F9A3A6D7-6A37-4FF5-B858-BA08C5E5EA2E}.Release|Any CPU.Build.0 = Release|Any CPU
		{54C5D7B9-F4EB-4739-B272-7800C27E2F76}.Debug|Any CPU.ActiveCfg = Debug|Any CPU
		{54C5D7B9-F4EB-4739-B272-7800C27E2F76}.Debug|Any CPU.Build.0 = Debug|Any CPU
		{54C5D7B9-F4EB-4739-B272-7800C27E2F76}.Release|Any CPU.ActiveCfg = Release|Any CPU
		{54C5D7B9-F4EB-4739-B272-7800C27E2F76}.Release|Any CPU.Build.0 = Release|Any CPU
	EndGlobalSection
	GlobalSection(SolutionProperties) = preSolution
		HideSolutionNode = FALSE
	EndGlobalSection
EndGlobal
