
Microsoft Visual Studio Solution File, Format Version 12.00
# Visual Studio 15
VisualStudioVersion = 15.0.27004.2006
MinimumVisualStudioVersion = 10.0.40219.1
Project("{9A19103F-16F7-4668-BE54-9A1E7A4F7556}") = "Countries", "Countries\Countries.csproj", "{54950DF6-C832-459C-BC81-A591533A3961}"
EndProject
Project("{9A19103F-16F7-4668-BE54-9A1E7A4F7556}") = "ZD.Common", "ZD.Common\ZD.Common.csproj", "{AA659C02-AFC8-4371-A2A9-900399E629E4}"
EndProject
Project("{9A19103F-16F7-4668-BE54-9A1E7A4F7556}") = "ZD.LangUtils", "ZD.LangUtils\ZD.LangUtils.csproj", "{FD85CF79-89C8-4A3C-B146-5D0943C3C7E9}"
EndProject
Project("{9A19103F-16F7-4668-BE54-9A1E7A4F7556}") = "ZD.Tool", "ZD.Tool\ZD.Tool.csproj", "{D77908C3-B7A0-45A6-9A64-E194F5D467B3}"
EndProject
Project("{9A19103F-16F7-4668-BE54-9A1E7A4F7556}") = "ZD.AlignTool", "ZD.AlignTool\ZD.AlignTool.csproj", "{6B14E3D6-31E6-4377-9A89-D76D93F05400}"
EndProject
Project("{9A19103F-16F7-4668-BE54-9A1E7A4F7556}") = "ZDO.ConcAlign", "ZDO.ConcAlign\ZDO.ConcAlign.csproj", "{5F00FAFC-A6FE-4DD2-BE68-FB5ED2E67F3E}"
EndProject
Project("{9A19103F-16F7-4668-BE54-9A1E7A4F7556}") = "ZDO.CHSite", "ZDO.CHSite\ZDO.CHSite.csproj", "{FB127AF6-0576-4FDF-AEDE-C1CEDC752A00}"
EndProject
Project("{9A19103F-16F7-4668-BE54-9A1E7A4F7556}") = "ZDO.Console", "ZDO.Console\ZDO.Console.csproj", "{DBC4F164-D45E-46E3-8616-5E67E409226B}"
EndProject
Global
	GlobalSection(SolutionConfigurationPlatforms) = preSolution
		Debug|Any CPU = Debug|Any CPU
		Release|Any CPU = Release|Any CPU
	EndGlobalSection
	GlobalSection(ProjectConfigurationPlatforms) = postSolution
		{54950DF6-C832-459C-BC81-A591533A3961}.Debug|Any CPU.ActiveCfg = Debug|Any CPU
		{54950DF6-C832-459C-BC81-A591533A3961}.Debug|Any CPU.Build.0 = Debug|Any CPU
		{54950DF6-C832-459C-BC81-A591533A3961}.Release|Any CPU.ActiveCfg = Release|Any CPU
		{54950DF6-C832-459C-BC81-A591533A3961}.Release|Any CPU.Build.0 = Release|Any CPU
		{AA659C02-AFC8-4371-A2A9-900399E629E4}.Debug|Any CPU.ActiveCfg = Debug|Any CPU
		{AA659C02-AFC8-4371-A2A9-900399E629E4}.Debug|Any CPU.Build.0 = Debug|Any CPU
		{AA659C02-AFC8-4371-A2A9-900399E629E4}.Release|Any CPU.ActiveCfg = Release|Any CPU
		{AA659C02-AFC8-4371-A2A9-900399E629E4}.Release|Any CPU.Build.0 = Release|Any CPU
		{FD85CF79-89C8-4A3C-B146-5D0943C3C7E9}.Debug|Any CPU.ActiveCfg = Debug|Any CPU
		{FD85CF79-89C8-4A3C-B146-5D0943C3C7E9}.Debug|Any CPU.Build.0 = Debug|Any CPU
		{FD85CF79-89C8-4A3C-B146-5D0943C3C7E9}.Release|Any CPU.ActiveCfg = Release|Any CPU
		{FD85CF79-89C8-4A3C-B146-5D0943C3C7E9}.Release|Any CPU.Build.0 = Release|Any CPU
		{D77908C3-B7A0-45A6-9A64-E194F5D467B3}.Debug|Any CPU.ActiveCfg = Debug|Any CPU
		{D77908C3-B7A0-45A6-9A64-E194F5D467B3}.Debug|Any CPU.Build.0 = Debug|Any CPU
		{D77908C3-B7A0-45A6-9A64-E194F5D467B3}.Release|Any CPU.ActiveCfg = Release|Any CPU
		{D77908C3-B7A0-45A6-9A64-E194F5D467B3}.Release|Any CPU.Build.0 = Release|Any CPU
		{6B14E3D6-31E6-4377-9A89-D76D93F05400}.Debug|Any CPU.ActiveCfg = Debug|Any CPU
		{6B14E3D6-31E6-4377-9A89-D76D93F05400}.Debug|Any CPU.Build.0 = Debug|Any CPU
		{6B14E3D6-31E6-4377-9A89-D76D93F05400}.Release|Any CPU.ActiveCfg = Release|Any CPU
		{6B14E3D6-31E6-4377-9A89-D76D93F05400}.Release|Any CPU.Build.0 = Release|Any CPU
		{5F00FAFC-A6FE-4DD2-BE68-FB5ED2E67F3E}.Debug|Any CPU.ActiveCfg = Debug|Any CPU
		{5F00FAFC-A6FE-4DD2-BE68-FB5ED2E67F3E}.Debug|Any CPU.Build.0 = Debug|Any CPU
		{5F00FAFC-A6FE-4DD2-BE68-FB5ED2E67F3E}.Release|Any CPU.ActiveCfg = Release|Any CPU
		{5F00FAFC-A6FE-4DD2-BE68-FB5ED2E67F3E}.Release|Any CPU.Build.0 = Release|Any CPU
		{FB127AF6-0576-4FDF-AEDE-C1CEDC752A00}.Debug|Any CPU.ActiveCfg = Debug|Any CPU
		{FB127AF6-0576-4FDF-AEDE-C1CEDC752A00}.Debug|Any CPU.Build.0 = Debug|Any CPU
		{FB127AF6-0576-4FDF-AEDE-C1CEDC752A00}.Release|Any CPU.ActiveCfg = Release|Any CPU
		{FB127AF6-0576-4FDF-AEDE-C1CEDC752A00}.Release|Any CPU.Build.0 = Release|Any CPU
		{DBC4F164-D45E-46E3-8616-5E67E409226B}.Debug|Any CPU.ActiveCfg = Debug|Any CPU
		{DBC4F164-D45E-46E3-8616-5E67E409226B}.Debug|Any CPU.Build.0 = Debug|Any CPU
		{DBC4F164-D45E-46E3-8616-5E67E409226B}.Release|Any CPU.ActiveCfg = Release|Any CPU
		{DBC4F164-D45E-46E3-8616-5E67E409226B}.Release|Any CPU.Build.0 = Release|Any CPU
	EndGlobalSection
	GlobalSection(SolutionProperties) = preSolution
		HideSolutionNode = FALSE
	EndGlobalSection
	GlobalSection(ExtensibilityGlobals) = postSolution
		SolutionGuid = {30CA285A-0A8C-43CB-92D5-CABF4CB2BECC}
	EndGlobalSection
EndGlobal
