Microsoft Visual Studio Solution File, Format Version 12.00
# Visual Studio 15
VisualStudioVersion = 15.0.27004.2006
MinimumVisualStudioVersion = 10.0.40219.1
Project("{9A19103F-16F7-4668-BE54-9A1E7A4F7556}") = "Countries", "Countries\Countries.csproj", "{CED3B8C7-5AE7-446F-AD95-7CA60FE13D1B}"
EndProject
Project("{9A19103F-16F7-4668-BE54-9A1E7A4F7556}") = "ZD.AlignTool", "ZD.AlignTool\ZD.AlignTool.csproj", "{13417E05-FA83-475B-86A6-DACDCDAC051C}"
EndProject
Project("{9A19103F-16F7-4668-BE54-9A1E7A4F7556}") = "ZD.Common", "ZD.Common\ZD.Common.csproj", "{1770EC18-CC72-4941-AAE1-9E2BC9CD2989}"
EndProject
Project("{9A19103F-16F7-4668-BE54-9A1E7A4F7556}") = "ZD.LangUtils", "ZD.LangUtils\ZD.LangUtils.csproj", "{1E985CCF-D301-4B43-917D-0B0E4F42A636}"
EndProject
Project("{9A19103F-16F7-4668-BE54-9A1E7A4F7556}") = "ZD.Tool", "ZD.Tool\ZD.Tool.csproj", "{9E73CECF-9070-4B43-950D-1B95A5AFEC89}"
EndProject
Project("{9A19103F-16F7-4668-BE54-9A1E7A4F7556}") = "ZDO.CHSite", "ZDO.CHSite\ZDO.CHSite.csproj", "{D5C869D7-3D19-43B5-B506-E262CBDCB598}"
EndProject
Project("{9A19103F-16F7-4668-BE54-9A1E7A4F7556}") = "ZDO.ConcAlign", "ZDO.ConcAlign\ZDO.ConcAlign.csproj", "{DB26F382-52D4-421F-A184-AF8BC3B607B0}"
EndProject
Project("{9A19103F-16F7-4668-BE54-9A1E7A4F7556}") = "ZDO.Console", "ZDO.Console\ZDO.Console.csproj", "{9BDD1432-FF5C-4B0B-9D03-1B15F39123DB}"
EndProject
Global
	GlobalSection(SolutionConfigurationPlatforms) = preSolution
		Debug|Any CPU = Debug|Any CPU
		Debug|x64 = Debug|x64
		Debug|x86 = Debug|x86
		Release|Any CPU = Release|Any CPU
		Release|x64 = Release|x64
		Release|x86 = Release|x86
	EndGlobalSection
	GlobalSection(ProjectConfigurationPlatforms) = postSolution
		{CED3B8C7-5AE7-446F-AD95-7CA60FE13D1B}.Debug|Any CPU.ActiveCfg = Debug|Any CPU
		{CED3B8C7-5AE7-446F-AD95-7CA60FE13D1B}.Debug|Any CPU.Build.0 = Debug|Any CPU
		{CED3B8C7-5AE7-446F-AD95-7CA60FE13D1B}.Debug|x64.ActiveCfg = Debug|Any CPU
		{CED3B8C7-5AE7-446F-AD95-7CA60FE13D1B}.Debug|x64.Build.0 = Debug|Any CPU
		{CED3B8C7-5AE7-446F-AD95-7CA60FE13D1B}.Debug|x86.ActiveCfg = Debug|Any CPU
		{CED3B8C7-5AE7-446F-AD95-7CA60FE13D1B}.Debug|x86.Build.0 = Debug|Any CPU
		{CED3B8C7-5AE7-446F-AD95-7CA60FE13D1B}.Release|Any CPU.ActiveCfg = Release|Any CPU
		{CED3B8C7-5AE7-446F-AD95-7CA60FE13D1B}.Release|Any CPU.Build.0 = Release|Any CPU
		{CED3B8C7-5AE7-446F-AD95-7CA60FE13D1B}.Release|x64.ActiveCfg = Release|Any CPU
		{CED3B8C7-5AE7-446F-AD95-7CA60FE13D1B}.Release|x64.Build.0 = Release|Any CPU
		{CED3B8C7-5AE7-446F-AD95-7CA60FE13D1B}.Release|x86.ActiveCfg = Release|Any CPU
		{CED3B8C7-5AE7-446F-AD95-7CA60FE13D1B}.Release|x86.Build.0 = Release|Any CPU
		{13417E05-FA83-475B-86A6-DACDCDAC051C}.Debug|Any CPU.ActiveCfg = Debug|Any CPU
		{13417E05-FA83-475B-86A6-DACDCDAC051C}.Debug|Any CPU.Build.0 = Debug|Any CPU
		{13417E05-FA83-475B-86A6-DACDCDAC051C}.Debug|x64.ActiveCfg = Debug|Any CPU
		{13417E05-FA83-475B-86A6-DACDCDAC051C}.Debug|x64.Build.0 = Debug|Any CPU
		{13417E05-FA83-475B-86A6-DACDCDAC051C}.Debug|x86.ActiveCfg = Debug|Any CPU
		{13417E05-FA83-475B-86A6-DACDCDAC051C}.Debug|x86.Build.0 = Debug|Any CPU
		{13417E05-FA83-475B-86A6-DACDCDAC051C}.Release|Any CPU.ActiveCfg = Release|Any CPU
		{13417E05-FA83-475B-86A6-DACDCDAC051C}.Release|Any CPU.Build.0 = Release|Any CPU
		{13417E05-FA83-475B-86A6-DACDCDAC051C}.Release|x64.ActiveCfg = Release|Any CPU
		{13417E05-FA83-475B-86A6-DACDCDAC051C}.Release|x64.Build.0 = Release|Any CPU
		{13417E05-FA83-475B-86A6-DACDCDAC051C}.Release|x86.ActiveCfg = Release|Any CPU
		{13417E05-FA83-475B-86A6-DACDCDAC051C}.Release|x86.Build.0 = Release|Any CPU
		{1770EC18-CC72-4941-AAE1-9E2BC9CD2989}.Debug|Any CPU.ActiveCfg = Debug|Any CPU
		{1770EC18-CC72-4941-AAE1-9E2BC9CD2989}.Debug|Any CPU.Build.0 = Debug|Any CPU
		{1770EC18-CC72-4941-AAE1-9E2BC9CD2989}.Debug|x64.ActiveCfg = Debug|Any CPU
		{1770EC18-CC72-4941-AAE1-9E2BC9CD2989}.Debug|x64.Build.0 = Debug|Any CPU
		{1770EC18-CC72-4941-AAE1-9E2BC9CD2989}.Debug|x86.ActiveCfg = Debug|Any CPU
		{1770EC18-CC72-4941-AAE1-9E2BC9CD2989}.Debug|x86.Build.0 = Debug|Any CPU
		{1770EC18-CC72-4941-AAE1-9E2BC9CD2989}.Release|Any CPU.ActiveCfg = Release|Any CPU
		{1770EC18-CC72-4941-AAE1-9E2BC9CD2989}.Release|Any CPU.Build.0 = Release|Any CPU
		{1770EC18-CC72-4941-AAE1-9E2BC9CD2989}.Release|x64.ActiveCfg = Release|Any CPU
		{1770EC18-CC72-4941-AAE1-9E2BC9CD2989}.Release|x64.Build.0 = Release|Any CPU
		{1770EC18-CC72-4941-AAE1-9E2BC9CD2989}.Release|x86.ActiveCfg = Release|Any CPU
		{1770EC18-CC72-4941-AAE1-9E2BC9CD2989}.Release|x86.Build.0 = Release|Any CPU
		{1E985CCF-D301-4B43-917D-0B0E4F42A636}.Debug|Any CPU.ActiveCfg = Debug|Any CPU
		{1E985CCF-D301-4B43-917D-0B0E4F42A636}.Debug|Any CPU.Build.0 = Debug|Any CPU
		{1E985CCF-D301-4B43-917D-0B0E4F42A636}.Debug|x64.ActiveCfg = Debug|Any CPU
		{1E985CCF-D301-4B43-917D-0B0E4F42A636}.Debug|x64.Build.0 = Debug|Any CPU
		{1E985CCF-D301-4B43-917D-0B0E4F42A636}.Debug|x86.ActiveCfg = Debug|Any CPU
		{1E985CCF-D301-4B43-917D-0B0E4F42A636}.Debug|x86.Build.0 = Debug|Any CPU
		{1E985CCF-D301-4B43-917D-0B0E4F42A636}.Release|Any CPU.ActiveCfg = Release|Any CPU
		{1E985CCF-D301-4B43-917D-0B0E4F42A636}.Release|Any CPU.Build.0 = Release|Any CPU
		{1E985CCF-D301-4B43-917D-0B0E4F42A636}.Release|x64.ActiveCfg = Release|Any CPU
		{1E985CCF-D301-4B43-917D-0B0E4F42A636}.Release|x64.Build.0 = Release|Any CPU
		{1E985CCF-D301-4B43-917D-0B0E4F42A636}.Release|x86.ActiveCfg = Release|Any CPU
		{1E985CCF-D301-4B43-917D-0B0E4F42A636}.Release|x86.Build.0 = Release|Any CPU
		{9E73CECF-9070-4B43-950D-1B95A5AFEC89}.Debug|Any CPU.ActiveCfg = Debug|Any CPU
		{9E73CECF-9070-4B43-950D-1B95A5AFEC89}.Debug|Any CPU.Build.0 = Debug|Any CPU
		{9E73CECF-9070-4B43-950D-1B95A5AFEC89}.Debug|x64.ActiveCfg = Debug|Any CPU
		{9E73CECF-9070-4B43-950D-1B95A5AFEC89}.Debug|x64.Build.0 = Debug|Any CPU
		{9E73CECF-9070-4B43-950D-1B95A5AFEC89}.Debug|x86.ActiveCfg = Debug|Any CPU
		{9E73CECF-9070-4B43-950D-1B95A5AFEC89}.Debug|x86.Build.0 = Debug|Any CPU
		{9E73CECF-9070-4B43-950D-1B95A5AFEC89}.Release|Any CPU.ActiveCfg = Release|Any CPU
		{9E73CECF-9070-4B43-950D-1B95A5AFEC89}.Release|Any CPU.Build.0 = Release|Any CPU
		{9E73CECF-9070-4B43-950D-1B95A5AFEC89}.Release|x64.ActiveCfg = Release|Any CPU
		{9E73CECF-9070-4B43-950D-1B95A5AFEC89}.Release|x64.Build.0 = Release|Any CPU
		{9E73CECF-9070-4B43-950D-1B95A5AFEC89}.Release|x86.ActiveCfg = Release|Any CPU
		{9E73CECF-9070-4B43-950D-1B95A5AFEC89}.Release|x86.Build.0 = Release|Any CPU
		{D5C869D7-3D19-43B5-B506-E262CBDCB598}.Debug|Any CPU.ActiveCfg = Debug|Any CPU
		{D5C869D7-3D19-43B5-B506-E262CBDCB598}.Debug|Any CPU.Build.0 = Debug|Any CPU
		{D5C869D7-3D19-43B5-B506-E262CBDCB598}.Debug|x64.ActiveCfg = Debug|Any CPU
		{D5C869D7-3D19-43B5-B506-E262CBDCB598}.Debug|x64.Build.0 = Debug|Any CPU
		{D5C869D7-3D19-43B5-B506-E262CBDCB598}.Debug|x86.ActiveCfg = Debug|Any CPU
		{D5C869D7-3D19-43B5-B506-E262CBDCB598}.Debug|x86.Build.0 = Debug|Any CPU
		{D5C869D7-3D19-43B5-B506-E262CBDCB598}.Release|Any CPU.ActiveCfg = Release|Any CPU
		{D5C869D7-3D19-43B5-B506-E262CBDCB598}.Release|Any CPU.Build.0 = Release|Any CPU
		{D5C869D7-3D19-43B5-B506-E262CBDCB598}.Release|x64.ActiveCfg = Release|Any CPU
		{D5C869D7-3D19-43B5-B506-E262CBDCB598}.Release|x64.Build.0 = Release|Any CPU
		{D5C869D7-3D19-43B5-B506-E262CBDCB598}.Release|x86.ActiveCfg = Release|Any CPU
		{D5C869D7-3D19-43B5-B506-E262CBDCB598}.Release|x86.Build.0 = Release|Any CPU
		{DB26F382-52D4-421F-A184-AF8BC3B607B0}.Debug|Any CPU.ActiveCfg = Debug|Any CPU
		{DB26F382-52D4-421F-A184-AF8BC3B607B0}.Debug|Any CPU.Build.0 = Debug|Any CPU
		{DB26F382-52D4-421F-A184-AF8BC3B607B0}.Debug|x64.ActiveCfg = Debug|Any CPU
		{DB26F382-52D4-421F-A184-AF8BC3B607B0}.Debug|x64.Build.0 = Debug|Any CPU
		{DB26F382-52D4-421F-A184-AF8BC3B607B0}.Debug|x86.ActiveCfg = Debug|Any CPU
		{DB26F382-52D4-421F-A184-AF8BC3B607B0}.Debug|x86.Build.0 = Debug|Any CPU
		{DB26F382-52D4-421F-A184-AF8BC3B607B0}.Release|Any CPU.ActiveCfg = Release|Any CPU
		{DB26F382-52D4-421F-A184-AF8BC3B607B0}.Release|Any CPU.Build.0 = Release|Any CPU
		{DB26F382-52D4-421F-A184-AF8BC3B607B0}.Release|x64.ActiveCfg = Release|Any CPU
		{DB26F382-52D4-421F-A184-AF8BC3B607B0}.Release|x64.Build.0 = Release|Any CPU
		{DB26F382-52D4-421F-A184-AF8BC3B607B0}.Release|x86.ActiveCfg = Release|Any CPU
		{DB26F382-52D4-421F-A184-AF8BC3B607B0}.Release|x86.Build.0 = Release|Any CPU
		{9BDD1432-FF5C-4B0B-9D03-1B15F39123DB}.Debug|Any CPU.ActiveCfg = Debug|Any CPU
		{9BDD1432-FF5C-4B0B-9D03-1B15F39123DB}.Debug|Any CPU.Build.0 = Debug|Any CPU
		{9BDD1432-FF5C-4B0B-9D03-1B15F39123DB}.Debug|x64.ActiveCfg = Debug|Any CPU
		{9BDD1432-FF5C-4B0B-9D03-1B15F39123DB}.Debug|x64.Build.0 = Debug|Any CPU
		{9BDD1432-FF5C-4B0B-9D03-1B15F39123DB}.Debug|x86.ActiveCfg = Debug|Any CPU
		{9BDD1432-FF5C-4B0B-9D03-1B15F39123DB}.Debug|x86.Build.0 = Debug|Any CPU
		{9BDD1432-FF5C-4B0B-9D03-1B15F39123DB}.Release|Any CPU.ActiveCfg = Release|Any CPU
		{9BDD1432-FF5C-4B0B-9D03-1B15F39123DB}.Release|Any CPU.Build.0 = Release|Any CPU
		{9BDD1432-FF5C-4B0B-9D03-1B15F39123DB}.Release|x64.ActiveCfg = Release|Any CPU
		{9BDD1432-FF5C-4B0B-9D03-1B15F39123DB}.Release|x64.Build.0 = Release|Any CPU
		{9BDD1432-FF5C-4B0B-9D03-1B15F39123DB}.Release|x86.ActiveCfg = Release|Any CPU
		{9BDD1432-FF5C-4B0B-9D03-1B15F39123DB}.Release|x86.Build.0 = Release|Any CPU
	EndGlobalSection
	GlobalSection(SolutionProperties) = preSolution
		HideSolutionNode = FALSE
	EndGlobalSection
	GlobalSection(ExtensibilityGlobals) = postSolution
		SolutionGuid = {E6921D92-2C52-406F-9C72-B71273329A81}
	EndGlobalSection
EndGlobal
